
Microsoft Visual Studio Solution File, Format Version 12.00
# Visual Studio 15
VisualStudioVersion = 15.0.27004.2009
MinimumVisualStudioVersion = 10.0.40219.1
Project("{FAE04EC0-301F-11D3-BF4B-00C04F79EFBC}") = "UnityMultiLauncher", "UnityMultiLauncher\UnityMultiLauncher.csproj", "{5468AB5C-3920-47B5-8FB8-3E6B084DCCFB}"
EndProject
Project("{FAE04EC0-301F-11D3-BF4B-00C04F79EFBC}") = "WPFireUtil", "WPFireUtil\WPFireUtil.csproj", "{604B15C9-2391-4D76-B2ED-F4E427F288AE}"
EndProject
Project("{FAE04EC0-301F-11D3-BF4B-00C04F79EFBC}") = "UnityMultiFramework", "UnityMultiFramework\UnityMultiFramework.csproj", "{DC81AC27-1181-4CDE-BE6D-AF159FF912C1}"
EndProject
Project("{FAE04EC0-301F-11D3-BF4B-00C04F79EFBC}") = "UMFTests", "UMFTests\UMFTests.csproj", "{B5E72137-B161-4517-A47B-9C191A1EDCA5}"
EndProject
Global
	GlobalSection(SolutionConfigurationPlatforms) = preSolution
		Debug|Any CPU = Debug|Any CPU
		Debug|ARM = Debug|ARM
		Debug|x64 = Debug|x64
		Debug|x86 = Debug|x86
		ExampleDev|Any CPU = ExampleDev|Any CPU
		ExampleDev|ARM = ExampleDev|ARM
		ExampleDev|x64 = ExampleDev|x64
		ExampleDev|x86 = ExampleDev|x86
		Release|Any CPU = Release|Any CPU
		Release|ARM = Release|ARM
		Release|x64 = Release|x64
		Release|x86 = Release|x86
	EndGlobalSection
	GlobalSection(ProjectConfigurationPlatforms) = postSolution
		{5468AB5C-3920-47B5-8FB8-3E6B084DCCFB}.Debug|Any CPU.ActiveCfg = Debug|Any CPU
		{5468AB5C-3920-47B5-8FB8-3E6B084DCCFB}.Debug|Any CPU.Build.0 = Debug|Any CPU
		{5468AB5C-3920-47B5-8FB8-3E6B084DCCFB}.Debug|ARM.ActiveCfg = Debug|Any CPU
		{5468AB5C-3920-47B5-8FB8-3E6B084DCCFB}.Debug|ARM.Build.0 = Debug|Any CPU
		{5468AB5C-3920-47B5-8FB8-3E6B084DCCFB}.Debug|x64.ActiveCfg = Debug|Any CPU
		{5468AB5C-3920-47B5-8FB8-3E6B084DCCFB}.Debug|x64.Build.0 = Debug|Any CPU
		{5468AB5C-3920-47B5-8FB8-3E6B084DCCFB}.Debug|x86.ActiveCfg = Debug|Any CPU
		{5468AB5C-3920-47B5-8FB8-3E6B084DCCFB}.Debug|x86.Build.0 = Debug|Any CPU
		{5468AB5C-3920-47B5-8FB8-3E6B084DCCFB}.ExampleDev|Any CPU.ActiveCfg = ExampleDev|Any CPU
		{5468AB5C-3920-47B5-8FB8-3E6B084DCCFB}.ExampleDev|Any CPU.Build.0 = ExampleDev|Any CPU
		{5468AB5C-3920-47B5-8FB8-3E6B084DCCFB}.ExampleDev|ARM.ActiveCfg = ExampleDev|Any CPU
		{5468AB5C-3920-47B5-8FB8-3E6B084DCCFB}.ExampleDev|ARM.Build.0 = ExampleDev|Any CPU
		{5468AB5C-3920-47B5-8FB8-3E6B084DCCFB}.ExampleDev|x64.ActiveCfg = ExampleDev|Any CPU
		{5468AB5C-3920-47B5-8FB8-3E6B084DCCFB}.ExampleDev|x64.Build.0 = ExampleDev|Any CPU
		{5468AB5C-3920-47B5-8FB8-3E6B084DCCFB}.ExampleDev|x86.ActiveCfg = ExampleDev|Any CPU
		{5468AB5C-3920-47B5-8FB8-3E6B084DCCFB}.ExampleDev|x86.Build.0 = ExampleDev|Any CPU
		{5468AB5C-3920-47B5-8FB8-3E6B084DCCFB}.Release|Any CPU.ActiveCfg = Release|Any CPU
		{5468AB5C-3920-47B5-8FB8-3E6B084DCCFB}.Release|Any CPU.Build.0 = Release|Any CPU
		{5468AB5C-3920-47B5-8FB8-3E6B084DCCFB}.Release|ARM.ActiveCfg = Release|Any CPU
		{5468AB5C-3920-47B5-8FB8-3E6B084DCCFB}.Release|ARM.Build.0 = Release|Any CPU
		{5468AB5C-3920-47B5-8FB8-3E6B084DCCFB}.Release|x64.ActiveCfg = Release|Any CPU
		{5468AB5C-3920-47B5-8FB8-3E6B084DCCFB}.Release|x64.Build.0 = Release|Any CPU
		{5468AB5C-3920-47B5-8FB8-3E6B084DCCFB}.Release|x86.ActiveCfg = Release|Any CPU
		{5468AB5C-3920-47B5-8FB8-3E6B084DCCFB}.Release|x86.Build.0 = Release|Any CPU
		{604B15C9-2391-4D76-B2ED-F4E427F288AE}.Debug|Any CPU.ActiveCfg = Debug|Any CPU
		{604B15C9-2391-4D76-B2ED-F4E427F288AE}.Debug|Any CPU.Build.0 = Debug|Any CPU
		{604B15C9-2391-4D76-B2ED-F4E427F288AE}.Debug|ARM.ActiveCfg = Debug|Any CPU
		{604B15C9-2391-4D76-B2ED-F4E427F288AE}.Debug|ARM.Build.0 = Debug|Any CPU
		{604B15C9-2391-4D76-B2ED-F4E427F288AE}.Debug|x64.ActiveCfg = Debug|Any CPU
		{604B15C9-2391-4D76-B2ED-F4E427F288AE}.Debug|x64.Build.0 = Debug|Any CPU
		{604B15C9-2391-4D76-B2ED-F4E427F288AE}.Debug|x86.ActiveCfg = Debug|Any CPU
		{604B15C9-2391-4D76-B2ED-F4E427F288AE}.Debug|x86.Build.0 = Debug|Any CPU
		{604B15C9-2391-4D76-B2ED-F4E427F288AE}.ExampleDev|Any CPU.ActiveCfg = Release|Any CPU
		{604B15C9-2391-4D76-B2ED-F4E427F288AE}.ExampleDev|Any CPU.Build.0 = Release|Any CPU
		{604B15C9-2391-4D76-B2ED-F4E427F288AE}.ExampleDev|ARM.ActiveCfg = Release|Any CPU
		{604B15C9-2391-4D76-B2ED-F4E427F288AE}.ExampleDev|ARM.Build.0 = Release|Any CPU
		{604B15C9-2391-4D76-B2ED-F4E427F288AE}.ExampleDev|x64.ActiveCfg = Release|Any CPU
		{604B15C9-2391-4D76-B2ED-F4E427F288AE}.ExampleDev|x64.Build.0 = Release|Any CPU
		{604B15C9-2391-4D76-B2ED-F4E427F288AE}.ExampleDev|x86.ActiveCfg = Release|Any CPU
		{604B15C9-2391-4D76-B2ED-F4E427F288AE}.ExampleDev|x86.Build.0 = Release|Any CPU
		{604B15C9-2391-4D76-B2ED-F4E427F288AE}.Release|Any CPU.ActiveCfg = Release|Any CPU
		{604B15C9-2391-4D76-B2ED-F4E427F288AE}.Release|Any CPU.Build.0 = Release|Any CPU
		{604B15C9-2391-4D76-B2ED-F4E427F288AE}.Release|ARM.ActiveCfg = Release|Any CPU
		{604B15C9-2391-4D76-B2ED-F4E427F288AE}.Release|ARM.Build.0 = Release|Any CPU
		{604B15C9-2391-4D76-B2ED-F4E427F288AE}.Release|x64.ActiveCfg = Release|Any CPU
		{604B15C9-2391-4D76-B2ED-F4E427F288AE}.Release|x64.Build.0 = Release|Any CPU
		{604B15C9-2391-4D76-B2ED-F4E427F288AE}.Release|x86.ActiveCfg = Release|Any CPU
		{604B15C9-2391-4D76-B2ED-F4E427F288AE}.Release|x86.Build.0 = Release|Any CPU
		{DC81AC27-1181-4CDE-BE6D-AF159FF912C1}.Debug|Any CPU.ActiveCfg = Debug|Any CPU
		{DC81AC27-1181-4CDE-BE6D-AF159FF912C1}.Debug|Any CPU.Build.0 = Debug|Any CPU
		{DC81AC27-1181-4CDE-BE6D-AF159FF912C1}.Debug|ARM.ActiveCfg = Debug|Any CPU
		{DC81AC27-1181-4CDE-BE6D-AF159FF912C1}.Debug|ARM.Build.0 = Debug|Any CPU
		{DC81AC27-1181-4CDE-BE6D-AF159FF912C1}.Debug|x64.ActiveCfg = Debug|Any CPU
		{DC81AC27-1181-4CDE-BE6D-AF159FF912C1}.Debug|x64.Build.0 = Debug|Any CPU
		{DC81AC27-1181-4CDE-BE6D-AF159FF912C1}.Debug|x86.ActiveCfg = Debug|Any CPU
		{DC81AC27-1181-4CDE-BE6D-AF159FF912C1}.Debug|x86.Build.0 = Debug|Any CPU
		{DC81AC27-1181-4CDE-BE6D-AF159FF912C1}.ExampleDev|Any CPU.ActiveCfg = Release|Any CPU
		{DC81AC27-1181-4CDE-BE6D-AF159FF912C1}.ExampleDev|Any CPU.Build.0 = Release|Any CPU
		{DC81AC27-1181-4CDE-BE6D-AF159FF912C1}.ExampleDev|ARM.ActiveCfg = Release|Any CPU
		{DC81AC27-1181-4CDE-BE6D-AF159FF912C1}.ExampleDev|ARM.Build.0 = Release|Any CPU
		{DC81AC27-1181-4CDE-BE6D-AF159FF912C1}.ExampleDev|x64.ActiveCfg = Release|Any CPU
		{DC81AC27-1181-4CDE-BE6D-AF159FF912C1}.ExampleDev|x64.Build.0 = Release|Any CPU
		{DC81AC27-1181-4CDE-BE6D-AF159FF912C1}.ExampleDev|x86.ActiveCfg = Release|Any CPU
		{DC81AC27-1181-4CDE-BE6D-AF159FF912C1}.ExampleDev|x86.Build.0 = Release|Any CPU
		{DC81AC27-1181-4CDE-BE6D-AF159FF912C1}.Release|Any CPU.ActiveCfg = Release|Any CPU
		{DC81AC27-1181-4CDE-BE6D-AF159FF912C1}.Release|Any CPU.Build.0 = Release|Any CPU
		{DC81AC27-1181-4CDE-BE6D-AF159FF912C1}.Release|ARM.ActiveCfg = Release|Any CPU
		{DC81AC27-1181-4CDE-BE6D-AF159FF912C1}.Release|ARM.Build.0 = Release|Any CPU
		{DC81AC27-1181-4CDE-BE6D-AF159FF912C1}.Release|x64.ActiveCfg = Release|Any CPU
		{DC81AC27-1181-4CDE-BE6D-AF159FF912C1}.Release|x64.Build.0 = Release|Any CPU
		{DC81AC27-1181-4CDE-BE6D-AF159FF912C1}.Release|x86.ActiveCfg = Release|Any CPU
		{DC81AC27-1181-4CDE-BE6D-AF159FF912C1}.Release|x86.Build.0 = Release|Any CPU
		{B5E72137-B161-4517-A47B-9C191A1EDCA5}.Debug|Any CPU.ActiveCfg = Debug|Any CPU
		{B5E72137-B161-4517-A47B-9C191A1EDCA5}.Debug|Any CPU.Build.0 = Debug|Any CPU
		{B5E72137-B161-4517-A47B-9C191A1EDCA5}.Debug|ARM.ActiveCfg = Debug|Any CPU
		{B5E72137-B161-4517-A47B-9C191A1EDCA5}.Debug|ARM.Build.0 = Debug|Any CPU
		{B5E72137-B161-4517-A47B-9C191A1EDCA5}.Debug|x64.ActiveCfg = Debug|Any CPU
		{B5E72137-B161-4517-A47B-9C191A1EDCA5}.Debug|x64.Build.0 = Debug|Any CPU
		{B5E72137-B161-4517-A47B-9C191A1EDCA5}.Debug|x86.ActiveCfg = Debug|Any CPU
		{B5E72137-B161-4517-A47B-9C191A1EDCA5}.Debug|x86.Build.0 = Debug|Any CPU
		{B5E72137-B161-4517-A47B-9C191A1EDCA5}.ExampleDev|Any CPU.ActiveCfg = Release|Any CPU
		{B5E72137-B161-4517-A47B-9C191A1EDCA5}.ExampleDev|Any CPU.Build.0 = Release|Any CPU
		{B5E72137-B161-4517-A47B-9C191A1EDCA5}.ExampleDev|ARM.ActiveCfg = Release|Any CPU
		{B5E72137-B161-4517-A47B-9C191A1EDCA5}.ExampleDev|ARM.Build.0 = Release|Any CPU
		{B5E72137-B161-4517-A47B-9C191A1EDCA5}.ExampleDev|x64.ActiveCfg = Release|Any CPU
		{B5E72137-B161-4517-A47B-9C191A1EDCA5}.ExampleDev|x64.Build.0 = Release|Any CPU
		{B5E72137-B161-4517-A47B-9C191A1EDCA5}.ExampleDev|x86.ActiveCfg = Release|Any CPU
		{B5E72137-B161-4517-A47B-9C191A1EDCA5}.ExampleDev|x86.Build.0 = Release|Any CPU
		{B5E72137-B161-4517-A47B-9C191A1EDCA5}.Release|Any CPU.ActiveCfg = Release|Any CPU
		{B5E72137-B161-4517-A47B-9C191A1EDCA5}.Release|Any CPU.Build.0 = Release|Any CPU
		{B5E72137-B161-4517-A47B-9C191A1EDCA5}.Release|ARM.ActiveCfg = Release|Any CPU
		{B5E72137-B161-4517-A47B-9C191A1EDCA5}.Release|ARM.Build.0 = Release|Any CPU
		{B5E72137-B161-4517-A47B-9C191A1EDCA5}.Release|x64.ActiveCfg = Release|Any CPU
		{B5E72137-B161-4517-A47B-9C191A1EDCA5}.Release|x64.Build.0 = Release|Any CPU
		{B5E72137-B161-4517-A47B-9C191A1EDCA5}.Release|x86.ActiveCfg = Release|Any CPU
		{B5E72137-B161-4517-A47B-9C191A1EDCA5}.Release|x86.Build.0 = Release|Any CPU
	EndGlobalSection
	GlobalSection(SolutionProperties) = preSolution
		HideSolutionNode = FALSE
	EndGlobalSection
	GlobalSection(ExtensibilityGlobals) = postSolution
		SolutionGuid = {07930745-B85E-474C-8135-AEAB4E2CF886}
	EndGlobalSection
EndGlobal
